// !$*UTF8*$!
{
	archiveVersion = 1;
	classes = {
	};
	objectVersion = 50;
	objects = {

/* Begin PBXBuildFile section */
		5D02901122AC01F300E53E89 /* AppDelegate.swift in Sources */ = {isa = PBXBuildFile; fileRef = 5D02901022AC01F300E53E89 /* AppDelegate.swift */; };
		5D02901322AC01F300E53E89 /* SceneDelegate.swift in Sources */ = {isa = PBXBuildFile; fileRef = 5D02901222AC01F300E53E89 /* SceneDelegate.swift */; };
		5D02901522AC01F300E53E89 /* ContentView.swift in Sources */ = {isa = PBXBuildFile; fileRef = 5D02901422AC01F300E53E89 /* ContentView.swift */; };
		5D02901722AC01F400E53E89 /* Assets.xcassets in Resources */ = {isa = PBXBuildFile; fileRef = 5D02901622AC01F400E53E89 /* Assets.xcassets */; };
		5D02901A22AC01F400E53E89 /* Preview Assets.xcassets in Resources */ = {isa = PBXBuildFile; fileRef = 5D02901922AC01F400E53E89 /* Preview Assets.xcassets */; };
		5D02901D22AC01F400E53E89 /* LaunchScreen.storyboard in Resources */ = {isa = PBXBuildFile; fileRef = 5D02901B22AC01F400E53E89 /* LaunchScreen.storyboard */; };
		5D0A782122AC338D00AB3433 /* Models.swift in Sources */ = {isa = PBXBuildFile; fileRef = 5D0A782022AC338D00AB3433 /* Models.swift */; };
		5D0A782322AC33C300AB3433 /* AuxiliaryViews.swift in Sources */ = {isa = PBXBuildFile; fileRef = 5D0A782222AC33C300AB3433 /* AuxiliaryViews.swift */; };
/* End PBXBuildFile section */

/* Begin PBXFileReference section */
		5D02900D22AC01F300E53E89 /* LearnSwiftUI.app */ = {isa = PBXFileReference; explicitFileType = wrapper.application; includeInIndex = 0; path = LearnSwiftUI.app; sourceTree = BUILT_PRODUCTS_DIR; };
		5D02901022AC01F300E53E89 /* AppDelegate.swift */ = {isa = PBXFileReference; lastKnownFileType = sourcecode.swift; path = AppDelegate.swift; sourceTree = "<group>"; };
		5D02901222AC01F300E53E89 /* SceneDelegate.swift */ = {isa = PBXFileReference; lastKnownFileType = sourcecode.swift; path = SceneDelegate.swift; sourceTree = "<group>"; };
		5D02901422AC01F300E53E89 /* ContentView.swift */ = {isa = PBXFileReference; lastKnownFileType = sourcecode.swift; path = ContentView.swift; sourceTree = "<group>"; };
		5D02901622AC01F400E53E89 /* Assets.xcassets */ = {isa = PBXFileReference; lastKnownFileType = folder.assetcatalog; path = Assets.xcassets; sourceTree = "<group>"; };
		5D02901922AC01F400E53E89 /* Preview Assets.xcassets */ = {isa = PBXFileReference; lastKnownFileType = folder.assetcatalog; path = "Preview Assets.xcassets"; sourceTree = "<group>"; };
		5D02901C22AC01F400E53E89 /* Base */ = {isa = PBXFileReference; lastKnownFileType = file.storyboard; name = Base; path = Base.lproj/LaunchScreen.storyboard; sourceTree = "<group>"; };
		5D02901E22AC01F400E53E89 /* Info.plist */ = {isa = PBXFileReference; lastKnownFileType = text.plist.xml; path = Info.plist; sourceTree = "<group>"; };
		5D0A782022AC338D00AB3433 /* Models.swift */ = {isa = PBXFileReference; lastKnownFileType = sourcecode.swift; path = Models.swift; sourceTree = "<group>"; };
		5D0A782222AC33C300AB3433 /* AuxiliaryViews.swift */ = {isa = PBXFileReference; lastKnownFileType = sourcecode.swift; path = AuxiliaryViews.swift; sourceTree = "<group>"; };
/* End PBXFileReference section */

/* Begin PBXFrameworksBuildPhase section */
		5D02900A22AC01F300E53E89 /* Frameworks */ = {
			isa = PBXFrameworksBuildPhase;
			buildActionMask = 2147483647;
			files = (
			);
			runOnlyForDeploymentPostprocessing = 0;
		};
/* End PBXFrameworksBuildPhase section */

/* Begin PBXGroup section */
		5D02900422AC01F300E53E89 = {
			isa = PBXGroup;
			children = (
				5D02900F22AC01F300E53E89 /* LearnSwiftUI */,
				5D02900E22AC01F300E53E89 /* Products */,
			);
			sourceTree = "<group>";
		};
		5D02900E22AC01F300E53E89 /* Products */ = {
			isa = PBXGroup;
			children = (
				5D02900D22AC01F300E53E89 /* LearnSwiftUI.app */,
			);
			name = Products;
			sourceTree = "<group>";
		};
		5D02900F22AC01F300E53E89 /* LearnSwiftUI */ = {
			isa = PBXGroup;
			children = (
				5D02901022AC01F300E53E89 /* AppDelegate.swift */,
				5D02901222AC01F300E53E89 /* SceneDelegate.swift */,
				5D0A782022AC338D00AB3433 /* Models.swift */,
				5D0A782222AC33C300AB3433 /* AuxiliaryViews.swift */,
				5D02901422AC01F300E53E89 /* ContentView.swift */,
				5D02901622AC01F400E53E89 /* Assets.xcassets */,
				5D02901B22AC01F400E53E89 /* LaunchScreen.storyboard */,
				5D02901E22AC01F400E53E89 /* Info.plist */,
				5D02901822AC01F400E53E89 /* Preview Content */,
			);
			path = LearnSwiftUI;
			sourceTree = "<group>";
		};
		5D02901822AC01F400E53E89 /* Preview Content */ = {
			isa = PBXGroup;
			children = (
				5D02901922AC01F400E53E89 /* Preview Assets.xcassets */,
			);
			path = "Preview Content";
			sourceTree = "<group>";
		};
/* End PBXGroup section */

/* Begin PBXNativeTarget section */
		5D02900C22AC01F300E53E89 /* LearnSwiftUI */ = {
			isa = PBXNativeTarget;
			buildConfigurationList = 5D02902122AC01F400E53E89 /* Build configuration list for PBXNativeTarget "LearnSwiftUI" */;
			buildPhases = (
				5D02900922AC01F300E53E89 /* Sources */,
				5D02900A22AC01F300E53E89 /* Frameworks */,
				5D02900B22AC01F300E53E89 /* Resources */,
			);
			buildRules = (
			);
			dependencies = (
			);
			name = LearnSwiftUI;
			productName = LearnSwiftUI;
			productReference = 5D02900D22AC01F300E53E89 /* LearnSwiftUI.app */;
			productType = "com.apple.product-type.application";
		};
/* End PBXNativeTarget section */

/* Begin PBXProject section */
		5D02900522AC01F300E53E89 /* Project object */ = {
			isa = PBXProject;
			attributes = {
				LastSwiftUpdateCheck = 1100;
				LastUpgradeCheck = 1100;
				ORGANIZATIONNAME = "Matheus Costa";
				TargetAttributes = {
					5D02900C22AC01F300E53E89 = {
						CreatedOnToolsVersion = 11.0;
					};
				};
			};
			buildConfigurationList = 5D02900822AC01F300E53E89 /* Build configuration list for PBXProject "LearnSwiftUI" */;
			compatibilityVersion = "Xcode 9.3";
			developmentRegion = en;
			hasScannedForEncodings = 0;
			knownRegions = (
				en,
				Base,
			);
			mainGroup = 5D02900422AC01F300E53E89;
			productRefGroup = 5D02900E22AC01F300E53E89 /* Products */;
			projectDirPath = "";
			projectRoot = "";
			targets = (
				5D02900C22AC01F300E53E89 /* LearnSwiftUI */,
			);
		};
/* End PBXProject section */

/* Begin PBXResourcesBuildPhase section */
		5D02900B22AC01F300E53E89 /* Resources */ = {
			isa = PBXResourcesBuildPhase;
			buildActionMask = 2147483647;
			files = (
				5D02901D22AC01F400E53E89 /* LaunchScreen.storyboard in Resources */,
				5D02901A22AC01F400E53E89 /* Preview Assets.xcassets in Resources */,
				5D02901722AC01F400E53E89 /* Assets.xcassets in Resources */,
			);
			runOnlyForDeploymentPostprocessing = 0;
		};
/* End PBXResourcesBuildPhase section */

/* Begin PBXSourcesBuildPhase section */
		5D02900922AC01F300E53E89 /* Sources */ = {
			isa = PBXSourcesBuildPhase;
			buildActionMask = 2147483647;
			files = (
				5D02901122AC01F300E53E89 /* AppDelegate.swift in Sources */,
				5D02901322AC01F300E53E89 /* SceneDelegate.swift in Sources */,
				5D02901522AC01F300E53E89 /* ContentView.swift in Sources */,
				5D0A782122AC338D00AB3433 /* Models.swift in Sources */,
				5D0A782322AC33C300AB3433 /* AuxiliaryViews.swift in Sources */,
			);
			runOnlyForDeploymentPostprocessing = 0;
		};
/* End PBXSourcesBuildPhase section */

/* Begin PBXVariantGroup section */
		5D02901B22AC01F400E53E89 /* LaunchScreen.storyboard */ = {
			isa = PBXVariantGroup;
			children = (
				5D02901C22AC01F400E53E89 /* Base */,
			);
			name = LaunchScreen.storyboard;
			sourceTree = "<group>";
		};
/* End PBXVariantGroup section */

/* Begin XCBuildConfiguration section */
		5D02901F22AC01F400E53E89 /* Debug */ = {
			isa = XCBuildConfiguration;
			buildSettings = {
				ALWAYS_SEARCH_USER_PATHS = NO;
				CLANG_ANALYZER_NONNULL = YES;
				CLANG_ANALYZER_NUMBER_OBJECT_CONVERSION = YES_AGGRESSIVE;
				CLANG_CXX_LANGUAGE_STANDARD = "gnu++14";
				CLANG_CXX_LIBRARY = "libc++";
				CLANG_ENABLE_MODULES = YES;
				CLANG_ENABLE_OBJC_ARC = YES;
				CLANG_ENABLE_OBJC_WEAK = YES;
				CLANG_WARN_BLOCK_CAPTURE_AUTORELEASING = YES;
				CLANG_WARN_BOOL_CONVERSION = YES;
				CLANG_WARN_COMMA = YES;
				CLANG_WARN_CONSTANT_CONVERSION = YES;
				CLANG_WARN_DEPRECATED_OBJC_IMPLEMENTATIONS = YES;
				CLANG_WARN_DIRECT_OBJC_ISA_USAGE = YES_ERROR;
				CLANG_WARN_DOCUMENTATION_COMMENTS = YES;
				CLANG_WARN_EMPTY_BODY = YES;
				CLANG_WARN_ENUM_CONVERSION = YES;
				CLANG_WARN_INFINITE_RECURSION = YES;
				CLANG_WARN_INT_CONVERSION = YES;
				CLANG_WARN_NON_LITERAL_NULL_CONVERSION = YES;
				CLANG_WARN_OBJC_IMPLICIT_RETAIN_SELF = YES;
				CLANG_WARN_OBJC_LITERAL_CONVERSION = YES;
				CLANG_WARN_OBJC_ROOT_CLASS = YES_ERROR;
				CLANG_WARN_RANGE_LOOP_ANALYSIS = YES;
				CLANG_WARN_STRICT_PROTOTYPES = YES;
				CLANG_WARN_SUSPICIOUS_MOVE = YES;
				CLANG_WARN_UNGUARDED_AVAILABILITY = YES_AGGRESSIVE;
				CLANG_WARN_UNREACHABLE_CODE = YES;
				CLANG_WARN__DUPLICATE_METHOD_MATCH = YES;
				COPY_PHASE_STRIP = NO;
				DEBUG_INFORMATION_FORMAT = dwarf;
				ENABLE_STRICT_OBJC_MSGSEND = YES;
				ENABLE_TESTABILITY = YES;
				GCC_C_LANGUAGE_STANDARD = gnu11;
				GCC_DYNAMIC_NO_PIC = NO;
				GCC_NO_COMMON_BLOCKS = YES;
				GCC_OPTIMIZATION_LEVEL = 0;
				GCC_PREPROCESSOR_DEFINITIONS = (
					"DEBUG=1",
					"$(inherited)",
				);
				GCC_WARN_64_TO_32_BIT_CONVERSION = YES;
				GCC_WARN_ABOUT_RETURN_TYPE = YES_ERROR;
				GCC_WARN_UNDECLARED_SELECTOR = YES;
				GCC_WARN_UNINITIALIZED_AUTOS = YES_AGGRESSIVE;
				GCC_WARN_UNUSED_FUNCTION = YES;
				GCC_WARN_UNUSED_VARIABLE = YES;
				IPHONEOS_DEPLOYMENT_TARGET = 13.0;
				MTL_ENABLE_DEBUG_INFO = INCLUDE_SOURCE;
				MTL_FAST_MATH = YES;
				ONLY_ACTIVE_ARCH = YES;
				SDKROOT = iphoneos;
				SWIFT_ACTIVE_COMPILATION_CONDITIONS = DEBUG;
				SWIFT_OPTIMIZATION_LEVEL = "-Onone";
			};
			name = Debug;
		};
		5D02902022AC01F400E53E89 /* Release */ = {
			isa = XCBuildConfiguration;
			buildSettings = {
				ALWAYS_SEARCH_USER_PATHS = NO;
				CLANG_ANALYZER_NONNULL = YES;
				CLANG_ANALYZER_NUMBER_OBJECT_CONVERSION = YES_AGGRESSIVE;
				CLANG_CXX_LANGUAGE_STANDARD = "gnu++14";
				CLANG_CXX_LIBRARY = "libc++";
				CLANG_ENABLE_MODULES = YES;
				CLANG_ENABLE_OBJC_ARC = YES;
				CLANG_ENABLE_OBJC_WEAK = YES;
				CLANG_WARN_BLOCK_CAPTURE_AUTORELEASING = YES;
				CLANG_WARN_BOOL_CONVERSION = YES;
				CLANG_WARN_COMMA = YES;
				CLANG_WARN_CONSTANT_CONVERSION = YES;
				CLANG_WARN_DEPRECATED_OBJC_IMPLEMENTATIONS = YES;
				CLANG_WARN_DIRECT_OBJC_ISA_USAGE = YES_ERROR;
				CLANG_WARN_DOCUMENTATION_COMMENTS = YES;
				CLANG_WARN_EMPTY_BODY = YES;
				CLANG_WARN_ENUM_CONVERSION = YES;
				CLANG_WARN_INFINITE_RECURSION = YES;
				CLANG_WARN_INT_CONVERSION = YES;
				CLANG_WARN_NON_LITERAL_NULL_CONVERSION = YES;
				CLANG_WARN_OBJC_IMPLICIT_RETAIN_SELF = YES;
				CLANG_WARN_OBJC_LITERAL_CONVERSION = YES;
				CLANG_WARN_OBJC_ROOT_CLASS = YES_ERROR;
				CLANG_WARN_RANGE_LOOP_ANALYSIS = YES;
				CLANG_WARN_STRICT_PROTOTYPES = YES;
				CLANG_WARN_SUSPICIOUS_MOVE = YES;
				CLANG_WARN_UNGUARDED_AVAILABILITY = YES_AGGRESSIVE;
				CLANG_WARN_UNREACHABLE_CODE = YES;
				CLANG_WARN__DUPLICATE_METHOD_MATCH = YES;
				COPY_PHASE_STRIP = NO;
				DEBUG_INFORMATION_FORMAT = "dwarf-with-dsym";
				ENABLE_NS_ASSERTIONS = NO;
				ENABLE_STRICT_OBJC_MSGSEND = YES;
				GCC_C_LANGUAGE_STANDARD = gnu11;
				GCC_NO_COMMON_BLOCKS = YES;
				GCC_WARN_64_TO_32_BIT_CONVERSION = YES;
				GCC_WARN_ABOUT_RETURN_TYPE = YES_ERROR;
				GCC_WARN_UNDECLARED_SELECTOR = YES;
				GCC_WARN_UNINITIALIZED_AUTOS = YES_AGGRESSIVE;
				GCC_WARN_UNUSED_FUNCTION = YES;
				GCC_WARN_UNUSED_VARIABLE = YES;
				IPHONEOS_DEPLOYMENT_TARGET = 13.0;
				MTL_ENABLE_DEBUG_INFO = NO;
				MTL_FAST_MATH = YES;
				SDKROOT = iphoneos;
				SWIFT_COMPILATION_MODE = wholemodule;
				SWIFT_OPTIMIZATION_LEVEL = "-O";
				VALIDATE_PRODUCT = YES;
			};
			name = Release;
		};
		5D02902222AC01F400E53E89 /* Debug */ = {
			isa = XCBuildConfiguration;
			buildSettings = {
				ASSETCATALOG_COMPILER_APPICON_NAME = AppIcon;
				CODE_SIGN_STYLE = Automatic;
				DEVELOPMENT_ASSET_PATHS = "LearnSwiftUI/Preview\\ Content";
				DEVELOPMENT_TEAM = Y93JMM3H2T;
				ENABLE_PREVIEWS = YES;
				INFOPLIST_FILE = LearnSwiftUI/Info.plist;
				LD_RUNPATH_SEARCH_PATHS = (
					"$(inherited)",
					"@executable_path/Frameworks",
				);
				PRODUCT_BUNDLE_IDENTIFIER = com.academy.LearnSwiftUI;
				PRODUCT_NAME = "$(TARGET_NAME)";
				SWIFT_VERSION = 5.0;
				TARGETED_DEVICE_FAMILY = "1,2";
			};
			name = Debug;
		};
		5D02902322AC01F400E53E89 /* Release */ = {
			isa = XCBuildConfiguration;
			buildSettings = {
				ASSETCATALOG_COMPILER_APPICON_NAME = AppIcon;
				CODE_SIGN_STYLE = Automatic;
				DEVELOPMENT_ASSET_PATHS = "LearnSwiftUI/Preview\\ Content";
				DEVELOPMENT_TEAM = Y93JMM3H2T;
				ENABLE_PREVIEWS = YES;
				INFOPLIST_FILE = LearnSwiftUI/Info.plist;
				LD_RUNPATH_SEARCH_PATHS = (
					"$(inherited)",
					"@executable_path/Frameworks",
				);
				PRODUCT_BUNDLE_IDENTIFIER = com.academy.LearnSwiftUI;
				PRODUCT_NAME = "$(TARGET_NAME)";
				SWIFT_VERSION = 5.0;
				TARGETED_DEVICE_FAMILY = "1,2";
			};
			name = Release;
		};
/* End XCBuildConfiguration section */

/* Begin XCConfigurationList section */
		5D02900822AC01F300E53E89 /* Build configuration list for PBXProject "LearnSwiftUI" */ = {
			isa = XCConfigurationList;
			buildConfigurations = (
				5D02901F22AC01F400E53E89 /* Debug */,
				5D02902022AC01F400E53E89 /* Release */,
			);
			defaultConfigurationIsVisible = 0;
			defaultConfigurationName = Release;
		};
		5D02902122AC01F400E53E89 /* Build configuration list for PBXNativeTarget "LearnSwiftUI" */ = {
			isa = XCConfigurationList;
			buildConfigurations = (
				5D02902222AC01F400E53E89 /* Debug */,
				5D02902322AC01F400E53E89 /* Release */,
			);
			defaultConfigurationIsVisible = 0;
			defaultConfigurationName = Release;
		};
/* End XCConfigurationList section */
	};
	rootObject = 5D02900522AC01F300E53E89 /* Project object */;
}
