// !$*UTF8*$!
{
	archiveVersion = 1;
	classes = {
	};
	objectVersion = 51;
	objects = {

/* Begin PBXBuildFile section */
		2781C3632304DB6900A32F2A /* AppDelegate.swift in Sources */ = {isa = PBXBuildFile; fileRef = 2781C3622304DB6900A32F2A /* AppDelegate.swift */; };
		2781C3652304DB6900A32F2A /* HomeViewController.swift in Sources */ = {isa = PBXBuildFile; fileRef = 2781C3642304DB6900A32F2A /* HomeViewController.swift */; };
		2781C3682304DB6900A32F2A /* Main.storyboard in Resources */ = {isa = PBXBuildFile; fileRef = 2781C3662304DB6900A32F2A /* Main.storyboard */; };
		2781C36A2304DB6B00A32F2A /* Assets.xcassets in Resources */ = {isa = PBXBuildFile; fileRef = 2781C3692304DB6B00A32F2A /* Assets.xcassets */; };
		2781C36D2304DB6B00A32F2A /* LaunchScreen.storyboard in Resources */ = {isa = PBXBuildFile; fileRef = 2781C36B2304DB6B00A32F2A /* LaunchScreen.storyboard */; };
		2781C3752304DF2F00A32F2A /* GoogleService-Info.plist in Resources */ = {isa = PBXBuildFile; fileRef = 2781C3742304DF2F00A32F2A /* GoogleService-Info.plist */; };
		2781C3772305923800A32F2A /* SignUpViewController.swift in Sources */ = {isa = PBXBuildFile; fileRef = 2781C3762305923800A32F2A /* SignUpViewController.swift */; };
		2781C3792305924400A32F2A /* LoginViewController.swift in Sources */ = {isa = PBXBuildFile; fileRef = 2781C3782305924400A32F2A /* LoginViewController.swift */; };
		2781C37B230592C900A32F2A /* FirstViewController.swift in Sources */ = {isa = PBXBuildFile; fileRef = 2781C37A230592C900A32F2A /* FirstViewController.swift */; };
		D823F34D18FF60E94FAD6D14 /* Pods_LearnFirebase.framework in Frameworks */ = {isa = PBXBuildFile; fileRef = 9864F37878C8C6FB9FE308AA /* Pods_LearnFirebase.framework */; };
/* End PBXBuildFile section */

/* Begin PBXFileReference section */
		2781C35F2304DB6900A32F2A /* LearnFirebase.app */ = {isa = PBXFileReference; explicitFileType = wrapper.application; includeInIndex = 0; path = LearnFirebase.app; sourceTree = BUILT_PRODUCTS_DIR; };
		2781C3622304DB6900A32F2A /* AppDelegate.swift */ = {isa = PBXFileReference; lastKnownFileType = sourcecode.swift; path = AppDelegate.swift; sourceTree = "<group>"; };
		2781C3642304DB6900A32F2A /* HomeViewController.swift */ = {isa = PBXFileReference; lastKnownFileType = sourcecode.swift; path = HomeViewController.swift; sourceTree = "<group>"; };
		2781C3672304DB6900A32F2A /* Base */ = {isa = PBXFileReference; lastKnownFileType = file.storyboard; name = Base; path = Base.lproj/Main.storyboard; sourceTree = "<group>"; };
		2781C3692304DB6B00A32F2A /* Assets.xcassets */ = {isa = PBXFileReference; lastKnownFileType = folder.assetcatalog; path = Assets.xcassets; sourceTree = "<group>"; };
		2781C36C2304DB6B00A32F2A /* Base */ = {isa = PBXFileReference; lastKnownFileType = file.storyboard; name = Base; path = Base.lproj/LaunchScreen.storyboard; sourceTree = "<group>"; };
		2781C36E2304DB6B00A32F2A /* Info.plist */ = {isa = PBXFileReference; lastKnownFileType = text.plist.xml; path = Info.plist; sourceTree = "<group>"; };
		2781C3742304DF2F00A32F2A /* GoogleService-Info.plist */ = {isa = PBXFileReference; fileEncoding = 4; lastKnownFileType = text.plist.xml; path = "GoogleService-Info.plist"; sourceTree = "<group>"; };
		2781C3762305923800A32F2A /* SignUpViewController.swift */ = {isa = PBXFileReference; lastKnownFileType = sourcecode.swift; path = SignUpViewController.swift; sourceTree = "<group>"; };
		2781C3782305924400A32F2A /* LoginViewController.swift */ = {isa = PBXFileReference; lastKnownFileType = sourcecode.swift; path = LoginViewController.swift; sourceTree = "<group>"; };
		2781C37A230592C900A32F2A /* FirstViewController.swift */ = {isa = PBXFileReference; lastKnownFileType = sourcecode.swift; path = FirstViewController.swift; sourceTree = "<group>"; };
		80E93EAE9D89DF579983D3F6 /* Pods-LearnFirebase.debug.xcconfig */ = {isa = PBXFileReference; includeInIndex = 1; lastKnownFileType = text.xcconfig; name = "Pods-LearnFirebase.debug.xcconfig"; path = "Target Support Files/Pods-LearnFirebase/Pods-LearnFirebase.debug.xcconfig"; sourceTree = "<group>"; };
		9864F37878C8C6FB9FE308AA /* Pods_LearnFirebase.framework */ = {isa = PBXFileReference; explicitFileType = wrapper.framework; includeInIndex = 0; path = Pods_LearnFirebase.framework; sourceTree = BUILT_PRODUCTS_DIR; };
		E039A2AE98327482A5090A85 /* Pods-LearnFirebase.release.xcconfig */ = {isa = PBXFileReference; includeInIndex = 1; lastKnownFileType = text.xcconfig; name = "Pods-LearnFirebase.release.xcconfig"; path = "Target Support Files/Pods-LearnFirebase/Pods-LearnFirebase.release.xcconfig"; sourceTree = "<group>"; };
/* End PBXFileReference section */

/* Begin PBXFrameworksBuildPhase section */
		2781C35C2304DB6900A32F2A /* Frameworks */ = {
			isa = PBXFrameworksBuildPhase;
			buildActionMask = 2147483647;
			files = (
				D823F34D18FF60E94FAD6D14 /* Pods_LearnFirebase.framework in Frameworks */,
			);
			runOnlyForDeploymentPostprocessing = 0;
		};
/* End PBXFrameworksBuildPhase section */

/* Begin PBXGroup section */
		2781C3562304DB6900A32F2A = {
			isa = PBXGroup;
			children = (
				2781C3612304DB6900A32F2A /* LearnFirebase */,
				2781C3602304DB6900A32F2A /* Products */,
				8D41462316839522B0E5F7BD /* Pods */,
				F9A8213DDF255E831732029D /* Frameworks */,
			);
			sourceTree = "<group>";
		};
		2781C3602304DB6900A32F2A /* Products */ = {
			isa = PBXGroup;
			children = (
				2781C35F2304DB6900A32F2A /* LearnFirebase.app */,
			);
			name = Products;
			sourceTree = "<group>";
		};
		2781C3612304DB6900A32F2A /* LearnFirebase */ = {
			isa = PBXGroup;
			children = (
				2781C3622304DB6900A32F2A /* AppDelegate.swift */,
				2781C3662304DB6900A32F2A /* Main.storyboard */,
				2781C36B2304DB6B00A32F2A /* LaunchScreen.storyboard */,
				2781C3642304DB6900A32F2A /* HomeViewController.swift */,
				2781C3762305923800A32F2A /* SignUpViewController.swift */,
				2781C3782305924400A32F2A /* LoginViewController.swift */,
				2781C37A230592C900A32F2A /* FirstViewController.swift */,
				2781C3692304DB6B00A32F2A /* Assets.xcassets */,
				2781C36E2304DB6B00A32F2A /* Info.plist */,
				2781C3742304DF2F00A32F2A /* GoogleService-Info.plist */,
			);
			path = LearnFirebase;
			sourceTree = "<group>";
		};
		8D41462316839522B0E5F7BD /* Pods */ = {
			isa = PBXGroup;
			children = (
				80E93EAE9D89DF579983D3F6 /* Pods-LearnFirebase.debug.xcconfig */,
				E039A2AE98327482A5090A85 /* Pods-LearnFirebase.release.xcconfig */,
			);
			path = Pods;
			sourceTree = "<group>";
		};
		F9A8213DDF255E831732029D /* Frameworks */ = {
			isa = PBXGroup;
			children = (
				9864F37878C8C6FB9FE308AA /* Pods_LearnFirebase.framework */,
			);
			name = Frameworks;
			sourceTree = "<group>";
		};
/* End PBXGroup section */

/* Begin PBXNativeTarget section */
		2781C35E2304DB6900A32F2A /* LearnFirebase */ = {
			isa = PBXNativeTarget;
			buildConfigurationList = 2781C3712304DB6B00A32F2A /* Build configuration list for PBXNativeTarget "LearnFirebase" */;
			buildPhases = (
				B8FF35B16A6F426322799F6D /* [CP] Check Pods Manifest.lock */,
				2781C35B2304DB6900A32F2A /* Sources */,
				2781C35C2304DB6900A32F2A /* Frameworks */,
				2781C35D2304DB6900A32F2A /* Resources */,
				961A6A21A030164F1220F832 /* [CP] Embed Pods Frameworks */,
			);
			buildRules = (
			);
			dependencies = (
			);
			name = LearnFirebase;
			productName = LearnFirebase;
			productReference = 2781C35F2304DB6900A32F2A /* LearnFirebase.app */;
			productType = "com.apple.product-type.application";
		};
/* End PBXNativeTarget section */

/* Begin PBXProject section */
		2781C3572304DB6900A32F2A /* Project object */ = {
			isa = PBXProject;
			attributes = {
				LastSwiftUpdateCheck = 1030;
				LastUpgradeCheck = 1030;
				ORGANIZATIONNAME = "Matheus Oliveira Costa";
				TargetAttributes = {
					2781C35E2304DB6900A32F2A = {
						CreatedOnToolsVersion = 10.3;
					};
				};
			};
			buildConfigurationList = 2781C35A2304DB6900A32F2A /* Build configuration list for PBXProject "LearnFirebase" */;
			compatibilityVersion = "Xcode 9.3";
			developmentRegion = en;
			hasScannedForEncodings = 0;
			knownRegions = (
				en,
				Base,
			);
			mainGroup = 2781C3562304DB6900A32F2A;
			productRefGroup = 2781C3602304DB6900A32F2A /* Products */;
			projectDirPath = "";
			projectRoot = "";
			targets = (
				2781C35E2304DB6900A32F2A /* LearnFirebase */,
			);
		};
/* End PBXProject section */

/* Begin PBXResourcesBuildPhase section */
		2781C35D2304DB6900A32F2A /* Resources */ = {
			isa = PBXResourcesBuildPhase;
			buildActionMask = 2147483647;
			files = (
				2781C36D2304DB6B00A32F2A /* LaunchScreen.storyboard in Resources */,
				2781C3752304DF2F00A32F2A /* GoogleService-Info.plist in Resources */,
				2781C36A2304DB6B00A32F2A /* Assets.xcassets in Resources */,
				2781C3682304DB6900A32F2A /* Main.storyboard in Resources */,
			);
			runOnlyForDeploymentPostprocessing = 0;
		};
/* End PBXResourcesBuildPhase section */

/* Begin PBXShellScriptBuildPhase section */
		961A6A21A030164F1220F832 /* [CP] Embed Pods Frameworks */ = {
			isa = PBXShellScriptBuildPhase;
			buildActionMask = 2147483647;
			files = (
			);
			inputFileListPaths = (
				"${PODS_ROOT}/Target Support Files/Pods-LearnFirebase/Pods-LearnFirebase-frameworks-${CONFIGURATION}-input-files.xcfilelist",
			);
			name = "[CP] Embed Pods Frameworks";
			outputFileListPaths = (
				"${PODS_ROOT}/Target Support Files/Pods-LearnFirebase/Pods-LearnFirebase-frameworks-${CONFIGURATION}-output-files.xcfilelist",
			);
			runOnlyForDeploymentPostprocessing = 0;
			shellPath = /bin/sh;
			shellScript = "\"${PODS_ROOT}/Target Support Files/Pods-LearnFirebase/Pods-LearnFirebase-frameworks.sh\"\n";
			showEnvVarsInLog = 0;
		};
		B8FF35B16A6F426322799F6D /* [CP] Check Pods Manifest.lock */ = {
			isa = PBXShellScriptBuildPhase;
			buildActionMask = 2147483647;
			files = (
			);
			inputFileListPaths = (
			);
			inputPaths = (
				"${PODS_PODFILE_DIR_PATH}/Podfile.lock",
				"${PODS_ROOT}/Manifest.lock",
			);
			name = "[CP] Check Pods Manifest.lock";
			outputFileListPaths = (
			);
			outputPaths = (
				"$(DERIVED_FILE_DIR)/Pods-LearnFirebase-checkManifestLockResult.txt",
			);
			runOnlyForDeploymentPostprocessing = 0;
			shellPath = /bin/sh;
			shellScript = "diff \"${PODS_PODFILE_DIR_PATH}/Podfile.lock\" \"${PODS_ROOT}/Manifest.lock\" > /dev/null\nif [ $? != 0 ] ; then\n    # print error to STDERR\n    echo \"error: The sandbox is not in sync with the Podfile.lock. Run 'pod install' or update your CocoaPods installation.\" >&2\n    exit 1\nfi\n# This output is used by Xcode 'outputs' to avoid re-running this script phase.\necho \"SUCCESS\" > \"${SCRIPT_OUTPUT_FILE_0}\"\n";
			showEnvVarsInLog = 0;
		};
/* End PBXShellScriptBuildPhase section */

/* Begin PBXSourcesBuildPhase section */
		2781C35B2304DB6900A32F2A /* Sources */ = {
			isa = PBXSourcesBuildPhase;
			buildActionMask = 2147483647;
			files = (
				2781C37B230592C900A32F2A /* FirstViewController.swift in Sources */,
				2781C3792305924400A32F2A /* LoginViewController.swift in Sources */,
				2781C3772305923800A32F2A /* SignUpViewController.swift in Sources */,
				2781C3652304DB6900A32F2A /* HomeViewController.swift in Sources */,
				2781C3632304DB6900A32F2A /* AppDelegate.swift in Sources */,
			);
			runOnlyForDeploymentPostprocessing = 0;
		};
/* End PBXSourcesBuildPhase section */

/* Begin PBXVariantGroup section */
		2781C3662304DB6900A32F2A /* Main.storyboard */ = {
			isa = PBXVariantGroup;
			children = (
				2781C3672304DB6900A32F2A /* Base */,
			);
			name = Main.storyboard;
			sourceTree = "<group>";
		};
		2781C36B2304DB6B00A32F2A /* LaunchScreen.storyboard */ = {
			isa = PBXVariantGroup;
			children = (
				2781C36C2304DB6B00A32F2A /* Base */,
			);
			name = LaunchScreen.storyboard;
			sourceTree = "<group>";
		};
/* End PBXVariantGroup section */

/* Begin XCBuildConfiguration section */
		2781C36F2304DB6B00A32F2A /* Debug */ = {
			isa = XCBuildConfiguration;
			buildSettings = {
				ALWAYS_SEARCH_USER_PATHS = NO;
				CLANG_ANALYZER_NONNULL = YES;
				CLANG_ANALYZER_NUMBER_OBJECT_CONVERSION = YES_AGGRESSIVE;
				CLANG_CXX_LANGUAGE_STANDARD = "gnu++14";
				CLANG_CXX_LIBRARY = "libc++";
				CLANG_ENABLE_MODULES = YES;
				CLANG_ENABLE_OBJC_ARC = YES;
				CLANG_ENABLE_OBJC_WEAK = YES;
				CLANG_WARN_BLOCK_CAPTURE_AUTORELEASING = YES;
				CLANG_WARN_BOOL_CONVERSION = YES;
				CLANG_WARN_COMMA = YES;
				CLANG_WARN_CONSTANT_CONVERSION = YES;
				CLANG_WARN_DEPRECATED_OBJC_IMPLEMENTATIONS = YES;
				CLANG_WARN_DIRECT_OBJC_ISA_USAGE = YES_ERROR;
				CLANG_WARN_DOCUMENTATION_COMMENTS = YES;
				CLANG_WARN_EMPTY_BODY = YES;
				CLANG_WARN_ENUM_CONVERSION = YES;
				CLANG_WARN_INFINITE_RECURSION = YES;
				CLANG_WARN_INT_CONVERSION = YES;
				CLANG_WARN_NON_LITERAL_NULL_CONVERSION = YES;
				CLANG_WARN_OBJC_IMPLICIT_RETAIN_SELF = YES;
				CLANG_WARN_OBJC_LITERAL_CONVERSION = YES;
				CLANG_WARN_OBJC_ROOT_CLASS = YES_ERROR;
				CLANG_WARN_RANGE_LOOP_ANALYSIS = YES;
				CLANG_WARN_STRICT_PROTOTYPES = YES;
				CLANG_WARN_SUSPICIOUS_MOVE = YES;
				CLANG_WARN_UNGUARDED_AVAILABILITY = YES_AGGRESSIVE;
				CLANG_WARN_UNREACHABLE_CODE = YES;
				CLANG_WARN__DUPLICATE_METHOD_MATCH = YES;
				CODE_SIGN_IDENTITY = "iPhone Developer";
				COPY_PHASE_STRIP = NO;
				DEBUG_INFORMATION_FORMAT = dwarf;
				ENABLE_STRICT_OBJC_MSGSEND = YES;
				ENABLE_TESTABILITY = YES;
				GCC_C_LANGUAGE_STANDARD = gnu11;
				GCC_DYNAMIC_NO_PIC = NO;
				GCC_NO_COMMON_BLOCKS = YES;
				GCC_OPTIMIZATION_LEVEL = 0;
				GCC_PREPROCESSOR_DEFINITIONS = (
					"DEBUG=1",
					"$(inherited)",
				);
				GCC_WARN_64_TO_32_BIT_CONVERSION = YES;
				GCC_WARN_ABOUT_RETURN_TYPE = YES_ERROR;
				GCC_WARN_UNDECLARED_SELECTOR = YES;
				GCC_WARN_UNINITIALIZED_AUTOS = YES_AGGRESSIVE;
				GCC_WARN_UNUSED_FUNCTION = YES;
				GCC_WARN_UNUSED_VARIABLE = YES;
				IPHONEOS_DEPLOYMENT_TARGET = 12.4;
				MTL_ENABLE_DEBUG_INFO = INCLUDE_SOURCE;
				MTL_FAST_MATH = YES;
				ONLY_ACTIVE_ARCH = YES;
				SDKROOT = iphoneos;
				SWIFT_ACTIVE_COMPILATION_CONDITIONS = DEBUG;
				SWIFT_OPTIMIZATION_LEVEL = "-Onone";
			};
			name = Debug;
		};
		2781C3702304DB6B00A32F2A /* Release */ = {
			isa = XCBuildConfiguration;
			buildSettings = {
				ALWAYS_SEARCH_USER_PATHS = NO;
				CLANG_ANALYZER_NONNULL = YES;
				CLANG_ANALYZER_NUMBER_OBJECT_CONVERSION = YES_AGGRESSIVE;
				CLANG_CXX_LANGUAGE_STANDARD = "gnu++14";
				CLANG_CXX_LIBRARY = "libc++";
				CLANG_ENABLE_MODULES = YES;
				CLANG_ENABLE_OBJC_ARC = YES;
				CLANG_ENABLE_OBJC_WEAK = YES;
				CLANG_WARN_BLOCK_CAPTURE_AUTORELEASING = YES;
				CLANG_WARN_BOOL_CONVERSION = YES;
				CLANG_WARN_COMMA = YES;
				CLANG_WARN_CONSTANT_CONVERSION = YES;
				CLANG_WARN_DEPRECATED_OBJC_IMPLEMENTATIONS = YES;
				CLANG_WARN_DIRECT_OBJC_ISA_USAGE = YES_ERROR;
				CLANG_WARN_DOCUMENTATION_COMMENTS = YES;
				CLANG_WARN_EMPTY_BODY = YES;
				CLANG_WARN_ENUM_CONVERSION = YES;
				CLANG_WARN_INFINITE_RECURSION = YES;
				CLANG_WARN_INT_CONVERSION = YES;
				CLANG_WARN_NON_LITERAL_NULL_CONVERSION = YES;
				CLANG_WARN_OBJC_IMPLICIT_RETAIN_SELF = YES;
				CLANG_WARN_OBJC_LITERAL_CONVERSION = YES;
				CLANG_WARN_OBJC_ROOT_CLASS = YES_ERROR;
				CLANG_WARN_RANGE_LOOP_ANALYSIS = YES;
				CLANG_WARN_STRICT_PROTOTYPES = YES;
				CLANG_WARN_SUSPICIOUS_MOVE = YES;
				CLANG_WARN_UNGUARDED_AVAILABILITY = YES_AGGRESSIVE;
				CLANG_WARN_UNREACHABLE_CODE = YES;
				CLANG_WARN__DUPLICATE_METHOD_MATCH = YES;
				CODE_SIGN_IDENTITY = "iPhone Developer";
				COPY_PHASE_STRIP = NO;
				DEBUG_INFORMATION_FORMAT = "dwarf-with-dsym";
				ENABLE_NS_ASSERTIONS = NO;
				ENABLE_STRICT_OBJC_MSGSEND = YES;
				GCC_C_LANGUAGE_STANDARD = gnu11;
				GCC_NO_COMMON_BLOCKS = YES;
				GCC_WARN_64_TO_32_BIT_CONVERSION = YES;
				GCC_WARN_ABOUT_RETURN_TYPE = YES_ERROR;
				GCC_WARN_UNDECLARED_SELECTOR = YES;
				GCC_WARN_UNINITIALIZED_AUTOS = YES_AGGRESSIVE;
				GCC_WARN_UNUSED_FUNCTION = YES;
				GCC_WARN_UNUSED_VARIABLE = YES;
				IPHONEOS_DEPLOYMENT_TARGET = 12.4;
				MTL_ENABLE_DEBUG_INFO = NO;
				MTL_FAST_MATH = YES;
				SDKROOT = iphoneos;
				SWIFT_COMPILATION_MODE = wholemodule;
				SWIFT_OPTIMIZATION_LEVEL = "-O";
				VALIDATE_PRODUCT = YES;
			};
			name = Release;
		};
		2781C3722304DB6B00A32F2A /* Debug */ = {
			isa = XCBuildConfiguration;
			baseConfigurationReference = 80E93EAE9D89DF579983D3F6 /* Pods-LearnFirebase.debug.xcconfig */;
			buildSettings = {
				ASSETCATALOG_COMPILER_APPICON_NAME = AppIcon;
				CODE_SIGN_STYLE = Automatic;
				DEVELOPMENT_TEAM = Y93JMM3H2T;
				INFOPLIST_FILE = LearnFirebase/Info.plist;
				LD_RUNPATH_SEARCH_PATHS = (
					"$(inherited)",
					"@executable_path/Frameworks",
				);
				PRODUCT_BUNDLE_IDENTIFIER = com.mathocosta.LearnFirebase;
				PRODUCT_NAME = "$(TARGET_NAME)";
				SWIFT_VERSION = 5.0;
				TARGETED_DEVICE_FAMILY = "1,2";
			};
			name = Debug;
		};
		2781C3732304DB6B00A32F2A /* Release */ = {
			isa = XCBuildConfiguration;
			baseConfigurationReference = E039A2AE98327482A5090A85 /* Pods-LearnFirebase.release.xcconfig */;
			buildSettings = {
				ASSETCATALOG_COMPILER_APPICON_NAME = AppIcon;
				CODE_SIGN_STYLE = Automatic;
				DEVELOPMENT_TEAM = Y93JMM3H2T;
				INFOPLIST_FILE = LearnFirebase/Info.plist;
				LD_RUNPATH_SEARCH_PATHS = (
					"$(inherited)",
					"@executable_path/Frameworks",
				);
				PRODUCT_BUNDLE_IDENTIFIER = com.mathocosta.LearnFirebase;
				PRODUCT_NAME = "$(TARGET_NAME)";
				SWIFT_VERSION = 5.0;
				TARGETED_DEVICE_FAMILY = "1,2";
			};
			name = Release;
		};
/* End XCBuildConfiguration section */

/* Begin XCConfigurationList section */
		2781C35A2304DB6900A32F2A /* Build configuration list for PBXProject "LearnFirebase" */ = {
			isa = XCConfigurationList;
			buildConfigurations = (
				2781C36F2304DB6B00A32F2A /* Debug */,
				2781C3702304DB6B00A32F2A /* Release */,
			);
			defaultConfigurationIsVisible = 0;
			defaultConfigurationName = Release;
		};
		2781C3712304DB6B00A32F2A /* Build configuration list for PBXNativeTarget "LearnFirebase" */ = {
			isa = XCConfigurationList;
			buildConfigurations = (
				2781C3722304DB6B00A32F2A /* Debug */,
				2781C3732304DB6B00A32F2A /* Release */,
			);
			defaultConfigurationIsVisible = 0;
			defaultConfigurationName = Release;
		};
/* End XCConfigurationList section */
	};
	rootObject = 2781C3572304DB6900A32F2A /* Project object */;
}
